
Microsoft Visual Studio Solution File, Format Version 12.00
# Visual Studio Version 16
VisualStudioVersion = 16.0.30011.22
MinimumVisualStudioVersion = 10.0.40219.1
Project("{9A19103F-16F7-4668-BE54-9A1E7A4F7556}") = "Delegates", "Delegates\Delegates.csproj", "{19605836-96F0-48A8-A130-E3FC1548CAF4}"
EndProject
Project("{9A19103F-16F7-4668-BE54-9A1E7A4F7556}") = "Generics", "Generics\Generics.csproj", "{97349A32-EEF3-4596-860C-CC373DD398C8}"
EndProject
Project("{9A19103F-16F7-4668-BE54-9A1E7A4F7556}") = "LambdaExpressions", "LambdaExpressions\LambdaExpressions.csproj", "{403D973C-0DBC-4858-92D6-BDFB93D1FEC5}"
EndProject
Project("{9A19103F-16F7-4668-BE54-9A1E7A4F7556}") = "EventsAndDelegates", "EventsAndDelegates\EventsAndDelegates.csproj", "{B52D1380-0891-419C-AF6A-E7626186236B}"
EndProject
Project("{9A19103F-16F7-4668-BE54-9A1E7A4F7556}") = "ExtensionMethods", "ExtensionMethods\ExtensionMethods.csproj", "{4CF83441-349F-420F-9308-648218D20E78}"
EndProject
Project("{FAE04EC0-301F-11D3-BF4B-00C04F79EFBC}") = "LINQ", "LINQ\LINQ.csproj", "{5A05C7FE-F1A4-4943-8E73-87B6B5F19E2D}"
EndProject
Project("{9A19103F-16F7-4668-BE54-9A1E7A4F7556}") = "NullableTypes", "NullableTypes\NullableTypes.csproj", "{943409DC-F376-4AB4-9F10-3F0DC548335F}"
EndProject
Project("{FAE04EC0-301F-11D3-BF4B-00C04F79EFBC}") = "DynamicBinding", "DynamicBinding\DynamicBinding.csproj", "{E5DAB1C1-0EC2-43BA-9C5C-2BAA0B5E7FE8}"
EndProject
Project("{9A19103F-16F7-4668-BE54-9A1E7A4F7556}") = "ExceptionHandling", "ExceptionHandling\ExceptionHandling.csproj", "{1E56C027-B28A-4F72-98F0-68B840A9D9FB}"
EndProject
Project("{FAE04EC0-301F-11D3-BF4B-00C04F79EFBC}") = "Async", "Async\Async.csproj", "{3C2BDCBD-1645-4029-8A56-DE7203861A41}"
EndProject
Global
	GlobalSection(SolutionConfigurationPlatforms) = preSolution
		Debug|Any CPU = Debug|Any CPU
		Release|Any CPU = Release|Any CPU
	EndGlobalSection
	GlobalSection(ProjectConfigurationPlatforms) = postSolution
		{19605836-96F0-48A8-A130-E3FC1548CAF4}.Debug|Any CPU.ActiveCfg = Debug|Any CPU
		{19605836-96F0-48A8-A130-E3FC1548CAF4}.Debug|Any CPU.Build.0 = Debug|Any CPU
		{19605836-96F0-48A8-A130-E3FC1548CAF4}.Release|Any CPU.ActiveCfg = Release|Any CPU
		{19605836-96F0-48A8-A130-E3FC1548CAF4}.Release|Any CPU.Build.0 = Release|Any CPU
		{97349A32-EEF3-4596-860C-CC373DD398C8}.Debug|Any CPU.ActiveCfg = Debug|Any CPU
		{97349A32-EEF3-4596-860C-CC373DD398C8}.Debug|Any CPU.Build.0 = Debug|Any CPU
		{97349A32-EEF3-4596-860C-CC373DD398C8}.Release|Any CPU.ActiveCfg = Release|Any CPU
		{97349A32-EEF3-4596-860C-CC373DD398C8}.Release|Any CPU.Build.0 = Release|Any CPU
		{403D973C-0DBC-4858-92D6-BDFB93D1FEC5}.Debug|Any CPU.ActiveCfg = Debug|Any CPU
		{403D973C-0DBC-4858-92D6-BDFB93D1FEC5}.Debug|Any CPU.Build.0 = Debug|Any CPU
		{403D973C-0DBC-4858-92D6-BDFB93D1FEC5}.Release|Any CPU.ActiveCfg = Release|Any CPU
		{403D973C-0DBC-4858-92D6-BDFB93D1FEC5}.Release|Any CPU.Build.0 = Release|Any CPU
		{B52D1380-0891-419C-AF6A-E7626186236B}.Debug|Any CPU.ActiveCfg = Debug|Any CPU
		{B52D1380-0891-419C-AF6A-E7626186236B}.Debug|Any CPU.Build.0 = Debug|Any CPU
		{B52D1380-0891-419C-AF6A-E7626186236B}.Release|Any CPU.ActiveCfg = Release|Any CPU
		{B52D1380-0891-419C-AF6A-E7626186236B}.Release|Any CPU.Build.0 = Release|Any CPU
		{4CF83441-349F-420F-9308-648218D20E78}.Debug|Any CPU.ActiveCfg = Debug|Any CPU
		{4CF83441-349F-420F-9308-648218D20E78}.Debug|Any CPU.Build.0 = Debug|Any CPU
		{4CF83441-349F-420F-9308-648218D20E78}.Release|Any CPU.ActiveCfg = Release|Any CPU
		{4CF83441-349F-420F-9308-648218D20E78}.Release|Any CPU.Build.0 = Release|Any CPU
		{5A05C7FE-F1A4-4943-8E73-87B6B5F19E2D}.Debug|Any CPU.ActiveCfg = Debug|Any CPU
		{5A05C7FE-F1A4-4943-8E73-87B6B5F19E2D}.Debug|Any CPU.Build.0 = Debug|Any CPU
		{5A05C7FE-F1A4-4943-8E73-87B6B5F19E2D}.Release|Any CPU.ActiveCfg = Release|Any CPU
		{5A05C7FE-F1A4-4943-8E73-87B6B5F19E2D}.Release|Any CPU.Build.0 = Release|Any CPU
		{943409DC-F376-4AB4-9F10-3F0DC548335F}.Debug|Any CPU.ActiveCfg = Debug|Any CPU
		{943409DC-F376-4AB4-9F10-3F0DC548335F}.Debug|Any CPU.Build.0 = Debug|Any CPU
		{943409DC-F376-4AB4-9F10-3F0DC548335F}.Release|Any CPU.ActiveCfg = Release|Any CPU
		{943409DC-F376-4AB4-9F10-3F0DC548335F}.Release|Any CPU.Build.0 = Release|Any CPU
		{E5DAB1C1-0EC2-43BA-9C5C-2BAA0B5E7FE8}.Debug|Any CPU.ActiveCfg = Debug|Any CPU
		{E5DAB1C1-0EC2-43BA-9C5C-2BAA0B5E7FE8}.Debug|Any CPU.Build.0 = Debug|Any CPU
		{E5DAB1C1-0EC2-43BA-9C5C-2BAA0B5E7FE8}.Release|Any CPU.ActiveCfg = Release|Any CPU
		{E5DAB1C1-0EC2-43BA-9C5C-2BAA0B5E7FE8}.Release|Any CPU.Build.0 = Release|Any CPU
		{1E56C027-B28A-4F72-98F0-68B840A9D9FB}.Debug|Any CPU.ActiveCfg = Debug|Any CPU
		{1E56C027-B28A-4F72-98F0-68B840A9D9FB}.Debug|Any CPU.Build.0 = Debug|Any CPU
		{1E56C027-B28A-4F72-98F0-68B840A9D9FB}.Release|Any CPU.ActiveCfg = Release|Any CPU
		{1E56C027-B28A-4F72-98F0-68B840A9D9FB}.Release|Any CPU.Build.0 = Release|Any CPU
		{3C2BDCBD-1645-4029-8A56-DE7203861A41}.Debug|Any CPU.ActiveCfg = Debug|Any CPU
		{3C2BDCBD-1645-4029-8A56-DE7203861A41}.Debug|Any CPU.Build.0 = Debug|Any CPU
		{3C2BDCBD-1645-4029-8A56-DE7203861A41}.Release|Any CPU.ActiveCfg = Release|Any CPU
		{3C2BDCBD-1645-4029-8A56-DE7203861A41}.Release|Any CPU.Build.0 = Release|Any CPU
	EndGlobalSection
	GlobalSection(SolutionProperties) = preSolution
		HideSolutionNode = FALSE
	EndGlobalSection
	GlobalSection(ExtensibilityGlobals) = postSolution
		SolutionGuid = {6A21D650-4DB0-4C28-B6B8-830D5577A210}
	EndGlobalSection
EndGlobal
